[[package]]
name = "boto3"
version = "1.23.3"
requires_python = ">= 3.7"
summary = "The AWS SDK for Python"
dependencies = [
    "botocore<1.28.0,>=1.27.34",
    "jmespath<2.0.0,>=0.7.1",
    "s3transfer<0.7.0,>=0.6.0",
]

[[package]]
name = "botocore"
version = "1.27.34"
requires_python = ">= 3.7"
summary = "Low-level, data-driven core of boto 3."
dependencies = [
    "jmespath<2.0.0,>=0.7.1",
    "python-dateutil<3.0.0,>=2.1",
    "urllib3<1.27,>=1.25.4",
]

[[package]]
name = "certifi"
version = "2022.5.18"
requires_python = ">=3.6"
summary = "Python package for providing Mozilla's CA Bundle."

[[package]]
name = "charset-normalizer"
version = "2.0.12"
requires_python = ">=3.6.0"
summary = "The Real First Universal Charset Detector. Open, modern and actively maintained alternative to Chardet."

[[package]]
name = "debugpy"
version = "1.6.2"
requires_python = ">=3.7"
summary = "An implementation of the Debug Adapter Protocol for Python"

[[package]]
name = "envidat-utils"
version = "1.0.3"
requires_python = ">=3.9"
summary = "Utilities in Python for the WSL EnviDat project."
dependencies = [
    "boto3>=1.22.12",
    "requests>=2.27.1",
]

[[package]]
name = "envidat-utils"
version = "1.0.3"
extras = ["dotenv"]
requires_python = ">=3.9"
summary = "Utilities in Python for the WSL EnviDat project."
dependencies = [
    "envidat-utils==1.0.3",
    "python-dotenv>=0.20.0",
]

[[package]]
name = "idna"
version = "3.3"
requires_python = ">=3.5"
summary = "Internationalized Domain Names in Applications (IDNA)"

[[package]]
name = "jmespath"
version = "1.0.0"
requires_python = ">=3.7"
summary = "JSON Matching Expressions"

[[package]]
name = "python-dateutil"
version = "2.8.2"
requires_python = "!=3.0.*,!=3.1.*,!=3.2.*,>=2.7"
summary = "Extensions to the standard Python datetime module"
dependencies = [
    "six>=1.5",
]

[[package]]
name = "python-dotenv"
version = "0.20.0"
requires_python = ">=3.5"
summary = "Read key-value pairs from a .env file and set them as environment variables"

[[package]]
name = "requests"
version = "2.27.1"
requires_python = ">=3.7, <4"
summary = "Python HTTP for Humans."
dependencies = [
    "certifi>=2017.4.17",
    "charset-normalizer<3,>=2",
    "idna<4,>=2.5",
    "urllib3<1.27,>=1.21.1",
]

[[package]]
name = "s3transfer"
version = "0.6.0"
requires_python = ">= 3.7"
summary = "An Amazon S3 Transfer Manager"
dependencies = [
    "botocore<2.0a.0,>=1.12.36",
]

[[package]]
name = "six"
version = "1.16.0"
requires_python = ">=2.7, !=3.0.*, !=3.1.*, !=3.2.*"
summary = "Python 2 and 3 compatibility utilities"

[[package]]
name = "urllib3"
version = "1.26.9"
requires_python = ">=2.7, !=3.0.*, !=3.1.*, !=3.2.*, !=3.3.*, !=3.4.*, !=3.5.*, <4"
summary = "HTTP library with thread-safe connection pooling, file post, and more."

[[package]]
name = "xmltodict"
version = "0.13.0"
requires_python = ">=3.4"
summary = "Makes working with XML feel like you are working with JSON"

[metadata]
lock_version = "3.1"
content_hash = "sha256:48fe97cf614ee92f02215cbef9066419343f7f3c7ca23ca59981fee1c0ab7baf"

[metadata.files]
"boto3 1.23.3" = [
    {file = "boto3-1.23.3-py3-none-any.whl", hash = "sha256:5f27eec9b0a43edbfb3ed5e748837b10219a972f0728fecd78f84ec3629f2092"},
    {file = "boto3-1.23.3.tar.gz", hash = "sha256:9d5ce5ae3ddd4429cf752efe7c9f39691db6c85b6b5f1cfc8861b8f23b72b67a"},
]
"botocore 1.27.34" = [
    {file = "botocore-1.27.34-py3-none-any.whl", hash = "sha256:0d824a5315f5f5c3bea53c14107a69695ef43190edf647f1281bac8f172ca77c"},
    {file = "botocore-1.27.34.tar.gz", hash = "sha256:9c695d47f1f1212f3e306e51f7bacdf67e58055194ddcf7d8296660b124cf135"},
]
"certifi 2022.5.18" = [
    {file = "certifi-2022.5.18-py3-none-any.whl", hash = "sha256:8d15a5a7fde18536a249c49e07e8e462b8fc13de21b3c80e8a68315dfa227c99"},
    {file = "certifi-2022.5.18.tar.gz", hash = "sha256:6ae10321df3e464305a46e997da41ea56c1d311fb9ff1dd4e04d6f14653ec63a"},
]
"charset-normalizer 2.0.12" = [
    {file = "charset_normalizer-2.0.12-py3-none-any.whl", hash = "sha256:6881edbebdb17b39b4eaaa821b438bf6eddffb4468cf344f09f89def34a8b1df"},
    {file = "charset-normalizer-2.0.12.tar.gz", hash = "sha256:2857e29ff0d34db842cd7ca3230549d1a697f96ee6d3fb071cfa6c7393832597"},
]
"debugpy 1.6.2" = [
    {file = "debugpy-1.6.2-cp310-cp310-macosx_10_15_universal2.whl", hash = "sha256:77a47d596ce8c69673d5f0c9876a80cb5a6cbc964f3b31b2d44683c7c01b6634"},
    {file = "debugpy-1.6.2-cp310-cp310-manylinux_2_5_x86_64.manylinux1_x86_64.manylinux_2_12_x86_64.manylinux2010_x86_64.whl", hash = "sha256:726e5cc0ed5bc63e821dc371d88ddae5cba85e2ad207bf5fefc808b29421cb4c"},
    {file = "debugpy-1.6.2-cp310-cp310-win32.whl", hash = "sha256:9809bd1cdc0026fab711e280e0cb5d8f89ae5f4f74701aba5bda9a20a6afb567"},
    {file = "debugpy-1.6.2-cp310-cp310-win_amd64.whl", hash = "sha256:40741d4bbf59baca1e97a5123514afcc036423caae5f24db23a865c0b4167c34"},
    {file = "debugpy-1.6.2-cp37-cp37m-macosx_10_15_x86_64.whl", hash = "sha256:67749e972213c395647a8798cc8377646e581e1fe97d0b1b7607e6b112ae4511"},
    {file = "debugpy-1.6.2-cp37-cp37m-manylinux_2_5_x86_64.manylinux1_x86_64.manylinux_2_12_x86_64.manylinux2010_x86_64.whl", hash = "sha256:4e3c43d650a1e5fa7110af380fb59061bcba1e7348c00237e7473c55ae499b96"},
    {file = "debugpy-1.6.2-cp37-cp37m-win32.whl", hash = "sha256:9e572c2ac3dd93f3f1a038a9226e7cc0d7326b8d345c9b9ce6fbf9cb9822e314"},
    {file = "debugpy-1.6.2-cp37-cp37m-win_amd64.whl", hash = "sha256:ac5d9e625d291a041ff3eaf65bdb816eb79a5b204cf9f1ffaf9617c0eadf96fa"},
    {file = "debugpy-1.6.2-cp38-cp38-macosx_10_15_x86_64.whl", hash = "sha256:9f72435bc9a2026a35a41221beff853dd4b6b17567ba9b9d349ee9512eb71ce6"},
    {file = "debugpy-1.6.2-cp38-cp38-manylinux_2_5_x86_64.manylinux1_x86_64.manylinux_2_12_x86_64.manylinux2010_x86_64.whl", hash = "sha256:aaf579de5ecd02634d601d7cf5b6baae5f5bab89a55ef78e0904d766ef477729"},
    {file = "debugpy-1.6.2-cp38-cp38-win32.whl", hash = "sha256:0984086a670f46c75b5046b39a55f34e4120bee78928ac4c3c7f1c7b8be1d8be"},
    {file = "debugpy-1.6.2-cp38-cp38-win_amd64.whl", hash = "sha256:19337bb8ff87da2535ac00ea3877ceaf40ff3c681421d1a96ab4d67dad031a16"},
    {file = "debugpy-1.6.2-cp39-cp39-macosx_10_15_x86_64.whl", hash = "sha256:163f282287ce68b00a51e9dcd7ad461ef288d740dcb3a2f22c01c62f31b62696"},
    {file = "debugpy-1.6.2-cp39-cp39-manylinux_2_5_x86_64.manylinux1_x86_64.manylinux_2_12_x86_64.manylinux2010_x86_64.whl", hash = "sha256:4909bb2f8e5c8fe33d6ec5b7764100b494289252ebe94ec7838b30467435f1cb"},
    {file = "debugpy-1.6.2-cp39-cp39-win32.whl", hash = "sha256:3b4657d3cd20aa454b62a70040524d3e785efc9a8488d16cd0e6caeb7b2a3f07"},
    {file = "debugpy-1.6.2-cp39-cp39-win_amd64.whl", hash = "sha256:79d9ac34542b830a7954ab111ad8a4c790f1f836b895d03223aea4216b739208"},
    {file = "debugpy-1.6.2-py2.py3-none-any.whl", hash = "sha256:0bfdcf261f97a603d7ef7ab6972cdf7136201fde93d19bf3f917d0d2e43a5694"},
    {file = "debugpy-1.6.2.zip", hash = "sha256:e6047272e97a11aa6898138c1c88c8cf61838deeb2a4f0a74e63bb567f8dafc6"},
]
"envidat-utils 1.0.3" = [
    {file = "envidat_utils-1.0.3-py3-none-any.whl", hash = "sha256:019659e1aad00c9223d1c7debdb5fa101eff5151dd1272891538e5551a6a646c"},
    {file = "envidat-utils-1.0.3.tar.gz", hash = "sha256:5a78141ed8e48f2c0da699f2384700d2fc2f98939ad607019b6b40ee4194f34c"},
]
"idna 3.3" = [
    {file = "idna-3.3-py3-none-any.whl", hash = "sha256:84d9dd047ffa80596e0f246e2eab0b391788b0503584e8945f2368256d2735ff"},
    {file = "idna-3.3.tar.gz", hash = "sha256:9d643ff0a55b762d5cdb124b8eaa99c66322e2157b69160bc32796e824360e6d"},
]
"jmespath 1.0.0" = [
    {file = "jmespath-1.0.0-py3-none-any.whl", hash = "sha256:e8dcd576ed616f14ec02eed0005c85973b5890083313860136657e24784e4c04"},
    {file = "jmespath-1.0.0.tar.gz", hash = "sha256:a490e280edd1f57d6de88636992d05b71e97d69a26a19f058ecf7d304474bf5e"},
]
"python-dateutil 2.8.2" = [
    {file = "python_dateutil-2.8.2-py2.py3-none-any.whl", hash = "sha256:961d03dc3453ebbc59dbdea9e4e11c5651520a876d0f4db161e8674aae935da9"},
    {file = "python-dateutil-2.8.2.tar.gz", hash = "sha256:0123cacc1627ae19ddf3c27a5de5bd67ee4586fbdd6440d9748f8abb483d3e86"},
]
"python-dotenv 0.20.0" = [
    {file = "python_dotenv-0.20.0-py3-none-any.whl", hash = "sha256:d92a187be61fe482e4fd675b6d52200e7be63a12b724abbf931a40ce4fa92938"},
    {file = "python-dotenv-0.20.0.tar.gz", hash = "sha256:b7e3b04a59693c42c36f9ab1cc2acc46fa5df8c78e178fc33a8d4cd05c8d498f"},
]
"requests 2.27.1" = [
    {file = "requests-2.27.1-py2.py3-none-any.whl", hash = "sha256:f22fa1e554c9ddfd16e6e41ac79759e17be9e492b3587efa038054674760e72d"},
    {file = "requests-2.27.1.tar.gz", hash = "sha256:68d7c56fd5a8999887728ef304a6d12edc7be74f1cfa47714fc8b414525c9a61"},
]
"s3transfer 0.6.0" = [
    {file = "s3transfer-0.6.0-py3-none-any.whl", hash = "sha256:06176b74f3a15f61f1b4f25a1fc29a4429040b7647133a463da8fa5bd28d5ecd"},
    {file = "s3transfer-0.6.0.tar.gz", hash = "sha256:2ed07d3866f523cc561bf4a00fc5535827981b117dd7876f036b0c1aca42c947"},
]
"six 1.16.0" = [
    {file = "six-1.16.0-py2.py3-none-any.whl", hash = "sha256:8abb2f1d86890a2dfb989f9a77cfcfd3e47c2a354b01111771326f8aa26e0254"},
    {file = "six-1.16.0.tar.gz", hash = "sha256:1e61c37477a1626458e36f7b1d82aa5c9b094fa4802892072e49de9c60c4c926"},
]
"urllib3 1.26.9" = [
    {file = "urllib3-1.26.9-py2.py3-none-any.whl", hash = "sha256:44ece4d53fb1706f667c9bd1c648f5469a2ec925fcf3a776667042d645472c14"},
    {file = "urllib3-1.26.9.tar.gz", hash = "sha256:aabaf16477806a5e1dd19aa41f8c2b7950dd3c746362d7e3223dbe6de6ac448e"},
]
"xmltodict 0.13.0" = [
    {file = "xmltodict-0.13.0-py2.py3-none-any.whl", hash = "sha256:aa89e8fd76320154a40d19a0df04a4695fb9dc5ba977cbb68ab3e4eb225e7852"},
    {file = "xmltodict-0.13.0.tar.gz", hash = "sha256:341595a488e3e01a85a9d8911d8912fd922ede5fecc4dce437eb4b6c8d037e56"},
]
